
Microsoft Visual Studio Solution File, Format Version 12.00
# Visual Studio Version 17
VisualStudioVersion = 17.14.36202.13 d17.14
MinimumVisualStudioVersion = 10.0.40219.1
Project("{FAE04EC0-301F-11D3-BF4B-00C04F79EFBC}") = "RecruitmentsystemMVC", "RecruitmentsystemMVC\RecruitmentsystemMVC.csproj", "{F6AF1286-9FD6-4037-BED1-E0A978D2D8B3}"
EndProject
Global
	GlobalSection(SolutionConfigurationPlatforms) = preSolution
		Debug|Any CPU = Debug|Any CPU
		Release|Any CPU = Release|Any CPU
	EndGlobalSection
	GlobalSection(ProjectConfigurationPlatforms) = postSolution
		{F6AF1286-9FD6-4037-BED1-E0A978D2D8B3}.Debug|Any CPU.ActiveCfg = Debug|Any CPU
		{F6AF1286-9FD6-4037-BED1-E0A978D2D8B3}.Debug|Any CPU.Build.0 = Debug|Any CPU
		{F6AF1286-9FD6-4037-BED1-E0A978D2D8B3}.Release|Any CPU.ActiveCfg = Release|Any CPU
		{F6AF1286-9FD6-4037-BED1-E0A978D2D8B3}.Release|Any CPU.Build.0 = Release|Any CPU
	EndGlobalSection
	GlobalSection(SolutionProperties) = preSolution
		HideSolutionNode = FALSE
	EndGlobalSection
	GlobalSection(ExtensibilityGlobals) = postSolution
		SolutionGuid = {E83B6DAE-6D7F-4166-8625-3E3B48B457CD}
	EndGlobalSection
EndGlobal
